<Solution>
  <Folder Name="/Solution Items/">
    <File Path=".editorconfig" />
  </Folder>
  <Project Path="OneGateApp/OneGateApp.csproj" />
  <Project Path="OneGate.DebugProtocol/OneGate.DebugProtocol.csproj" />
  <Project Path="OneGate.DebugProtocol.Tests/OneGate.DebugProtocol.Tests.csproj" />
  <Project Path="OneGate.Tools/OneGate.Tools.csproj" />
  <Project Path="tests/p2-11/SearchConfirmation.Tests.csproj" />
</Solution>
