<Solution>
  <Folder Name="/Solution Items/">
    <File Path=".editorconfig" />
    <File Path="tests/p2-17/mdns.test.mjs" />
  </Folder>
  <Project Path="OneGateApp/OneGateApp.csproj" />
  <Project Path="OneGate.DebugProtocol/OneGate.DebugProtocol.csproj" />
  <Project Path="OneGate.DebugProtocol.Tests/OneGate.DebugProtocol.Tests.csproj" />
  <Project Path="OneGate.Tools/OneGate.Tools.csproj" />
</Solution>
